// !$*UTF8*$!
{
	archiveVersion = 1;
	classes = {
	};
	objectVersion = 46;
	objects = {

/* Begin PBXBuildFile section */
		18624A611AACCFA70096CA37 /* Detail Disclosure.png in Resources */ = {isa = PBXBuildFile; fileRef = 18624A601AACCFA70096CA37 /* Detail Disclosure.png */; };
		18624A651AACD4AA0096CA37 /* RiskToleranceViewController.swift in Sources */ = {isa = PBXBuildFile; fileRef = 18624A641AACD4AA0096CA37 /* RiskToleranceViewController.swift */; };
		18624A671AACD9E80096CA37 /* Algorithm.swift in Sources */ = {isa = PBXBuildFile; fileRef = 18624A661AACD9E80096CA37 /* Algorithm.swift */; };
		18DD366E1AAB795C007ECE24 /* MagicSauce.swift in Sources */ = {isa = PBXBuildFile; fileRef = 18DD366C1AAB795C007ECE24 /* MagicSauce.swift */; };
		18DD366F1AAB795C007ECE24 /* Plaid.swift in Sources */ = {isa = PBXBuildFile; fileRef = 18DD366D1AAB795C007ECE24 /* Plaid.swift */; };
		C2088D711AAC16C9004968FA /* Xignite.swift in Sources */ = {isa = PBXBuildFile; fileRef = C2088D701AAC16C9004968FA /* Xignite.swift */; };
		C2088D731AAC4679004968FA /* waterfall.swift in Sources */ = {isa = PBXBuildFile; fileRef = C2088D721AAC4679004968FA /* waterfall.swift */; };
		C2261FD01AACAFE1004AB5E8 /* SavingGoalsViewController.swift in Sources */ = {isa = PBXBuildFile; fileRef = C2261FCF1AACAFE1004AB5E8 /* SavingGoalsViewController.swift */; };
		C2261FD21AACB1AE004AB5E8 /* Tick-mark-icon-png-6619 2@2x.png in Resources */ = {isa = PBXBuildFile; fileRef = C2261FD11AACB1AE004AB5E8 /* Tick-mark-icon-png-6619 2@2x.png */; };
		C2261FD41AACB5A4004AB5E8 /* 5C 8.png in Resources */ = {isa = PBXBuildFile; fileRef = C2261FD31AACB5A4004AB5E8 /* 5C 8.png */; };
		C2261FD61AACB750004AB5E8 /* 5C 11.png in Resources */ = {isa = PBXBuildFile; fileRef = C2261FD51AACB750004AB5E8 /* 5C 11.png */; };
		C2261FD81AACB7A4004AB5E8 /* 5C 10.png in Resources */ = {isa = PBXBuildFile; fileRef = C2261FD71AACB7A4004AB5E8 /* 5C 10.png */; };
		C2261FDA1AACB7FA004AB5E8 /* 5C 14.png in Resources */ = {isa = PBXBuildFile; fileRef = C2261FD91AACB7FA004AB5E8 /* 5C 14.png */; };
		C2261FDC1AACB8F1004AB5E8 /* 5C 18.png in Resources */ = {isa = PBXBuildFile; fileRef = C2261FDB1AACB8F1004AB5E8 /* 5C 18.png */; };
		C2261FDE1AACB963004AB5E8 /* 5C 17.png in Resources */ = {isa = PBXBuildFile; fileRef = C2261FDD1AACB963004AB5E8 /* 5C 17.png */; };
		C2261FE01AACB99C004AB5E8 /* 5C 13.png in Resources */ = {isa = PBXBuildFile; fileRef = C2261FDF1AACB99C004AB5E8 /* 5C 13.png */; };
		C2261FE21AACB9D9004AB5E8 /* 5C 15@2x.png in Resources */ = {isa = PBXBuildFile; fileRef = C2261FE11AACB9D9004AB5E8 /* 5C 15@2x.png */; };
		C2261FE41AACBC73004AB5E8 /* SavingGoalsCell.swift in Sources */ = {isa = PBXBuildFile; fileRef = C2261FE31AACBC73004AB5E8 /* SavingGoalsCell.swift */; };
		C2261FE61AACC162004AB5E8 /* BalanceGraphViewController.swift in Sources */ = {isa = PBXBuildFile; fileRef = C2261FE51AACC162004AB5E8 /* BalanceGraphViewController.swift */; };
		C2261FE81AACCD8E004AB5E8 /* HelloViewController.swift in Sources */ = {isa = PBXBuildFile; fileRef = C2261FE71AACCD8E004AB5E8 /* HelloViewController.swift */; };
		C2261FEA1AACCECA004AB5E8 /* StocksViewController.swift in Sources */ = {isa = PBXBuildFile; fileRef = C2261FE91AACCECA004AB5E8 /* StocksViewController.swift */; };
		C293EAA11AAB16800047E172 /* AppDelegate.swift in Sources */ = {isa = PBXBuildFile; fileRef = C293EAA01AAB16800047E172 /* AppDelegate.swift */; };
		C293EAA61AAB16800047E172 /* Main.storyboard in Resources */ = {isa = PBXBuildFile; fileRef = C293EAA41AAB16800047E172 /* Main.storyboard */; };
		C293EAA81AAB16800047E172 /* Images.xcassets in Resources */ = {isa = PBXBuildFile; fileRef = C293EAA71AAB16800047E172 /* Images.xcassets */; };
		C293EAAB1AAB16800047E172 /* LaunchScreen.xib in Resources */ = {isa = PBXBuildFile; fileRef = C293EAA91AAB16800047E172 /* LaunchScreen.xib */; };
		C293EAB71AAB16800047E172 /* AriTests.swift in Sources */ = {isa = PBXBuildFile; fileRef = C293EAB61AAB16800047E172 /* AriTests.swift */; };
		C2BB60881AACAB6F00D9C57F /* 5C 4.png in Resources */ = {isa = PBXBuildFile; fileRef = C2BB60871AACAB6F00D9C57F /* 5C 4.png */; };
		C2BB608A1AACAE0A00D9C57F /* 5C 5.png in Resources */ = {isa = PBXBuildFile; fileRef = C2BB60891AACAE0A00D9C57F /* 5C 5.png */; };
		C2BB608C1AACAEB800D9C57F /* 5C 6.png in Resources */ = {isa = PBXBuildFile; fileRef = C2BB608B1AACAEB800D9C57F /* 5C 6.png */; };
		C2BB608E1AACAF3A00D9C57F /* 5C 7.png in Resources */ = {isa = PBXBuildFile; fileRef = C2BB608D1AACAF3A00D9C57F /* 5C 7.png */; };
		C2CB1C7C1AAB1D2B00932155 /* BankInfoView.swift in Sources */ = {isa = PBXBuildFile; fileRef = C2CB1C7B1AAB1D2B00932155 /* BankInfoView.swift */; };
		C2CB1C7E1AAB1D4900932155 /* finPlanPickerView.swift in Sources */ = {isa = PBXBuildFile; fileRef = C2CB1C7D1AAB1D4900932155 /* finPlanPickerView.swift */; };
		C2CB1C801AAB25CC00932155 /* InvestmentQuestionsView.swift in Sources */ = {isa = PBXBuildFile; fileRef = C2CB1C7F1AAB25CC00932155 /* InvestmentQuestionsView.swift */; };
		C2CB1C821AAB276500932155 /* InvestmentQuestionsCell.swift in Sources */ = {isa = PBXBuildFile; fileRef = C2CB1C811AAB276500932155 /* InvestmentQuestionsCell.swift */; };
		C2CB1C881AABAEF800932155 /* LevelMoney.swift in Sources */ = {isa = PBXBuildFile; fileRef = C2CB1C871AABAEF800932155 /* LevelMoney.swift */; };
/* End PBXBuildFile section */

/* Begin PBXContainerItemProxy section */
		C293EAB11AAB16800047E172 /* PBXContainerItemProxy */ = {
			isa = PBXContainerItemProxy;
			containerPortal = C293EA931AAB16800047E172 /* Project object */;
			proxyType = 1;
			remoteGlobalIDString = C293EA9A1AAB16800047E172;
			remoteInfo = Ari;
		};
/* End PBXContainerItemProxy section */

/* Begin PBXFileReference section */
		18624A601AACCFA70096CA37 /* Detail Disclosure.png */ = {isa = PBXFileReference; lastKnownFileType = image.png; path = "Detail Disclosure.png"; sourceTree = "<group>"; };
		18624A641AACD4AA0096CA37 /* RiskToleranceViewController.swift */ = {isa = PBXFileReference; fileEncoding = 4; lastKnownFileType = sourcecode.swift; path = RiskToleranceViewController.swift; sourceTree = "<group>"; };
		18624A661AACD9E80096CA37 /* Algorithm.swift */ = {isa = PBXFileReference; fileEncoding = 4; lastKnownFileType = sourcecode.swift; path = Algorithm.swift; sourceTree = "<group>"; };
		18DD366C1AAB795C007ECE24 /* MagicSauce.swift */ = {isa = PBXFileReference; fileEncoding = 4; lastKnownFileType = sourcecode.swift; path = MagicSauce.swift; sourceTree = "<group>"; };
		18DD366D1AAB795C007ECE24 /* Plaid.swift */ = {isa = PBXFileReference; fileEncoding = 4; lastKnownFileType = sourcecode.swift; path = Plaid.swift; sourceTree = "<group>"; };
		C2088D701AAC16C9004968FA /* Xignite.swift */ = {isa = PBXFileReference; fileEncoding = 4; lastKnownFileType = sourcecode.swift; path = Xignite.swift; sourceTree = "<group>"; };
		C2088D721AAC4679004968FA /* waterfall.swift */ = {isa = PBXFileReference; fileEncoding = 4; lastKnownFileType = sourcecode.swift; path = waterfall.swift; sourceTree = "<group>"; };
		C2261FCF1AACAFE1004AB5E8 /* SavingGoalsViewController.swift */ = {isa = PBXFileReference; fileEncoding = 4; lastKnownFileType = sourcecode.swift; path = SavingGoalsViewController.swift; sourceTree = "<group>"; };
		C2261FD11AACB1AE004AB5E8 /* Tick-mark-icon-png-6619 2@2x.png */ = {isa = PBXFileReference; lastKnownFileType = image.png; path = "Tick-mark-icon-png-6619 2@2x.png"; sourceTree = "<group>"; };
		C2261FD31AACB5A4004AB5E8 /* 5C 8.png */ = {isa = PBXFileReference; lastKnownFileType = image.png; path = "5C 8.png"; sourceTree = "<group>"; };
		C2261FD51AACB750004AB5E8 /* 5C 11.png */ = {isa = PBXFileReference; lastKnownFileType = image.png; path = "5C 11.png"; sourceTree = "<group>"; };
		C2261FD71AACB7A4004AB5E8 /* 5C 10.png */ = {isa = PBXFileReference; lastKnownFileType = image.png; path = "5C 10.png"; sourceTree = "<group>"; };
		C2261FD91AACB7FA004AB5E8 /* 5C 14.png */ = {isa = PBXFileReference; lastKnownFileType = image.png; path = "5C 14.png"; sourceTree = "<group>"; };
		C2261FDB1AACB8F1004AB5E8 /* 5C 18.png */ = {isa = PBXFileReference; lastKnownFileType = image.png; path = "5C 18.png"; sourceTree = "<group>"; };
		C2261FDD1AACB963004AB5E8 /* 5C 17.png */ = {isa = PBXFileReference; lastKnownFileType = image.png; path = "5C 17.png"; sourceTree = "<group>"; };
		C2261FDF1AACB99C004AB5E8 /* 5C 13.png */ = {isa = PBXFileReference; lastKnownFileType = image.png; path = "5C 13.png"; sourceTree = "<group>"; };
		C2261FE11AACB9D9004AB5E8 /* 5C 15@2x.png */ = {isa = PBXFileReference; lastKnownFileType = image.png; path = "5C 15@2x.png"; sourceTree = "<group>"; };
		C2261FE31AACBC73004AB5E8 /* SavingGoalsCell.swift */ = {isa = PBXFileReference; fileEncoding = 4; lastKnownFileType = sourcecode.swift; path = SavingGoalsCell.swift; sourceTree = "<group>"; };
		C2261FE51AACC162004AB5E8 /* BalanceGraphViewController.swift */ = {isa = PBXFileReference; fileEncoding = 4; lastKnownFileType = sourcecode.swift; path = BalanceGraphViewController.swift; sourceTree = "<group>"; };
		C2261FE71AACCD8E004AB5E8 /* HelloViewController.swift */ = {isa = PBXFileReference; fileEncoding = 4; lastKnownFileType = sourcecode.swift; path = HelloViewController.swift; sourceTree = "<group>"; };
		C2261FE91AACCECA004AB5E8 /* StocksViewController.swift */ = {isa = PBXFileReference; fileEncoding = 4; lastKnownFileType = sourcecode.swift; path = StocksViewController.swift; sourceTree = "<group>"; };
		C293EA9B1AAB16800047E172 /* Ari.app */ = {isa = PBXFileReference; explicitFileType = wrapper.application; includeInIndex = 0; path = Ari.app; sourceTree = BUILT_PRODUCTS_DIR; };
		C293EA9F1AAB16800047E172 /* Info.plist */ = {isa = PBXFileReference; lastKnownFileType = text.plist.xml; path = Info.plist; sourceTree = "<group>"; };
		C293EAA01AAB16800047E172 /* AppDelegate.swift */ = {isa = PBXFileReference; lastKnownFileType = sourcecode.swift; path = AppDelegate.swift; sourceTree = "<group>"; };
		C293EAA51AAB16800047E172 /* Base */ = {isa = PBXFileReference; lastKnownFileType = file.storyboard; name = Base; path = Base.lproj/Main.storyboard; sourceTree = "<group>"; };
		C293EAA71AAB16800047E172 /* Images.xcassets */ = {isa = PBXFileReference; lastKnownFileType = folder.assetcatalog; path = Images.xcassets; sourceTree = "<group>"; };
		C293EAAA1AAB16800047E172 /* Base */ = {isa = PBXFileReference; lastKnownFileType = file.xib; name = Base; path = Base.lproj/LaunchScreen.xib; sourceTree = "<group>"; };
		C293EAB01AAB16800047E172 /* AriTests.xctest */ = {isa = PBXFileReference; explicitFileType = wrapper.cfbundle; includeInIndex = 0; path = AriTests.xctest; sourceTree = BUILT_PRODUCTS_DIR; };
		C293EAB51AAB16800047E172 /* Info.plist */ = {isa = PBXFileReference; lastKnownFileType = text.plist.xml; path = Info.plist; sourceTree = "<group>"; };
		C293EAB61AAB16800047E172 /* AriTests.swift */ = {isa = PBXFileReference; lastKnownFileType = sourcecode.swift; path = AriTests.swift; sourceTree = "<group>"; };
		C2BB60871AACAB6F00D9C57F /* 5C 4.png */ = {isa = PBXFileReference; lastKnownFileType = image.png; path = "5C 4.png"; sourceTree = "<group>"; };
		C2BB60891AACAE0A00D9C57F /* 5C 5.png */ = {isa = PBXFileReference; lastKnownFileType = image.png; path = "5C 5.png"; sourceTree = "<group>"; };
		C2BB608B1AACAEB800D9C57F /* 5C 6.png */ = {isa = PBXFileReference; lastKnownFileType = image.png; path = "5C 6.png"; sourceTree = "<group>"; };
		C2BB608D1AACAF3A00D9C57F /* 5C 7.png */ = {isa = PBXFileReference; lastKnownFileType = image.png; path = "5C 7.png"; sourceTree = "<group>"; };
		C2CB1C7B1AAB1D2B00932155 /* BankInfoView.swift */ = {isa = PBXFileReference; fileEncoding = 4; lastKnownFileType = sourcecode.swift; path = BankInfoView.swift; sourceTree = "<group>"; };
		C2CB1C7D1AAB1D4900932155 /* finPlanPickerView.swift */ = {isa = PBXFileReference; fileEncoding = 4; lastKnownFileType = sourcecode.swift; path = finPlanPickerView.swift; sourceTree = "<group>"; };
		C2CB1C7F1AAB25CC00932155 /* InvestmentQuestionsView.swift */ = {isa = PBXFileReference; fileEncoding = 4; lastKnownFileType = sourcecode.swift; path = InvestmentQuestionsView.swift; sourceTree = "<group>"; };
		C2CB1C811AAB276500932155 /* InvestmentQuestionsCell.swift */ = {isa = PBXFileReference; fileEncoding = 4; lastKnownFileType = sourcecode.swift; path = InvestmentQuestionsCell.swift; sourceTree = "<group>"; };
		C2CB1C871AABAEF800932155 /* LevelMoney.swift */ = {isa = PBXFileReference; fileEncoding = 4; lastKnownFileType = sourcecode.swift; path = LevelMoney.swift; sourceTree = "<group>"; };
/* End PBXFileReference section */

/* Begin PBXFrameworksBuildPhase section */
		C293EA981AAB16800047E172 /* Frameworks */ = {
			isa = PBXFrameworksBuildPhase;
			buildActionMask = 2147483647;
			files = (
			);
			runOnlyForDeploymentPostprocessing = 0;
		};
		C293EAAD1AAB16800047E172 /* Frameworks */ = {
			isa = PBXFrameworksBuildPhase;
			buildActionMask = 2147483647;
			files = (
			);
			runOnlyForDeploymentPostprocessing = 0;
		};
/* End PBXFrameworksBuildPhase section */

/* Begin PBXGroup section */
		C293EA921AAB16800047E172 = {
			isa = PBXGroup;
			children = (
				C293EA9D1AAB16800047E172 /* Ari */,
				C293EAB31AAB16800047E172 /* AriTests */,
				C293EA9C1AAB16800047E172 /* Products */,
				18624A601AACCFA70096CA37 /* Detail Disclosure.png */,
				C2BB60871AACAB6F00D9C57F /* 5C 4.png */,
				C2BB60891AACAE0A00D9C57F /* 5C 5.png */,
				C2BB608B1AACAEB800D9C57F /* 5C 6.png */,
				C2BB608D1AACAF3A00D9C57F /* 5C 7.png */,
				C2261FD11AACB1AE004AB5E8 /* Tick-mark-icon-png-6619 2@2x.png */,
				C2261FD31AACB5A4004AB5E8 /* 5C 8.png */,
				C2261FD51AACB750004AB5E8 /* 5C 11.png */,
				C2261FD71AACB7A4004AB5E8 /* 5C 10.png */,
				C2261FD91AACB7FA004AB5E8 /* 5C 14.png */,
				C2261FDB1AACB8F1004AB5E8 /* 5C 18.png */,
				C2261FDD1AACB963004AB5E8 /* 5C 17.png */,
				C2261FDF1AACB99C004AB5E8 /* 5C 13.png */,
				C2261FE11AACB9D9004AB5E8 /* 5C 15@2x.png */,
			);
			sourceTree = "<group>";
		};
		C293EA9C1AAB16800047E172 /* Products */ = {
			isa = PBXGroup;
			children = (
				C293EA9B1AAB16800047E172 /* Ari.app */,
				C293EAB01AAB16800047E172 /* AriTests.xctest */,
			);
			name = Products;
			sourceTree = "<group>";
		};
		C293EA9D1AAB16800047E172 /* Ari */ = {
			isa = PBXGroup;
			children = (
				C293EAA01AAB16800047E172 /* AppDelegate.swift */,
				C293EAA41AAB16800047E172 /* Main.storyboard */,
				18624A661AACD9E80096CA37 /* Algorithm.swift */,
				18624A641AACD4AA0096CA37 /* RiskToleranceViewController.swift */,
				C2261FE71AACCD8E004AB5E8 /* HelloViewController.swift */,
				C2261FE51AACC162004AB5E8 /* BalanceGraphViewController.swift */,
				C2261FE31AACBC73004AB5E8 /* SavingGoalsCell.swift */,
				C2261FCF1AACAFE1004AB5E8 /* SavingGoalsViewController.swift */,
				C2261FE91AACCECA004AB5E8 /* StocksViewController.swift */,
				C2BB60861AAC701100D9C57F /* Code */,
				C2CB1C841AAB277C00932155 /* Views */,
				C2CB1C831AAB276F00932155 /* Cell */,
				C293EAA71AAB16800047E172 /* Images.xcassets */,
				C293EAA91AAB16800047E172 /* LaunchScreen.xib */,
				C293EA9E1AAB16800047E172 /* Supporting Files */,
			);
			path = Ari;
			sourceTree = "<group>";
		};
		C293EA9E1AAB16800047E172 /* Supporting Files */ = {
			isa = PBXGroup;
			children = (
				C293EA9F1AAB16800047E172 /* Info.plist */,
			);
			name = "Supporting Files";
			sourceTree = "<group>";
		};
		C293EAB31AAB16800047E172 /* AriTests */ = {
			isa = PBXGroup;
			children = (
				C293EAB61AAB16800047E172 /* AriTests.swift */,
				C293EAB41AAB16800047E172 /* Supporting Files */,
			);
			path = AriTests;
			sourceTree = "<group>";
		};
		C293EAB41AAB16800047E172 /* Supporting Files */ = {
			isa = PBXGroup;
			children = (
				C293EAB51AAB16800047E172 /* Info.plist */,
			);
			name = "Supporting Files";
			sourceTree = "<group>";
		};
		C2BB60861AAC701100D9C57F /* Code */ = {
			isa = PBXGroup;
			children = (
				18DD366C1AAB795C007ECE24 /* MagicSauce.swift */,
				C2088D701AAC16C9004968FA /* Xignite.swift */,
				18DD366D1AAB795C007ECE24 /* Plaid.swift */,
				C2CB1C871AABAEF800932155 /* LevelMoney.swift */,
				C2088D721AAC4679004968FA /* waterfall.swift */,
			);
			name = Code;
			sourceTree = "<group>";
		};
		C2CB1C831AAB276F00932155 /* Cell */ = {
			isa = PBXGroup;
			children = (
				C2CB1C811AAB276500932155 /* InvestmentQuestionsCell.swift */,
			);
			name = Cell;
			sourceTree = "<group>";
		};
		C2CB1C841AAB277C00932155 /* Views */ = {
			isa = PBXGroup;
			children = (
				C2CB1C7B1AAB1D2B00932155 /* BankInfoView.swift */,
				C2CB1C7D1AAB1D4900932155 /* finPlanPickerView.swift */,
				C2CB1C7F1AAB25CC00932155 /* InvestmentQuestionsView.swift */,
			);
			name = Views;
			sourceTree = "<group>";
		};
/* End PBXGroup section */

/* Begin PBXNativeTarget section */
		C293EA9A1AAB16800047E172 /* Ari */ = {
			isa = PBXNativeTarget;
			buildConfigurationList = C293EABA1AAB16800047E172 /* Build configuration list for PBXNativeTarget "Ari" */;
			buildPhases = (
				C293EA971AAB16800047E172 /* Sources */,
				C293EA981AAB16800047E172 /* Frameworks */,
				C293EA991AAB16800047E172 /* Resources */,
			);
			buildRules = (
			);
			dependencies = (
			);
			name = Ari;
			productName = Ari;
			productReference = C293EA9B1AAB16800047E172 /* Ari.app */;
			productType = "com.apple.product-type.application";
		};
		C293EAAF1AAB16800047E172 /* AriTests */ = {
			isa = PBXNativeTarget;
			buildConfigurationList = C293EABD1AAB16800047E172 /* Build configuration list for PBXNativeTarget "AriTests" */;
			buildPhases = (
				C293EAAC1AAB16800047E172 /* Sources */,
				C293EAAD1AAB16800047E172 /* Frameworks */,
				C293EAAE1AAB16800047E172 /* Resources */,
			);
			buildRules = (
			);
			dependencies = (
				C293EAB21AAB16800047E172 /* PBXTargetDependency */,
			);
			name = AriTests;
			productName = AriTests;
			productReference = C293EAB01AAB16800047E172 /* AriTests.xctest */;
			productType = "com.apple.product-type.bundle.unit-test";
		};
/* End PBXNativeTarget section */

/* Begin PBXProject section */
		C293EA931AAB16800047E172 /* Project object */ = {
			isa = PBXProject;
			attributes = {
				LastUpgradeCheck = 0610;
				ORGANIZATIONNAME = "Lucas Farah";
				TargetAttributes = {
					C293EA9A1AAB16800047E172 = {
						CreatedOnToolsVersion = 6.1.1;
					};
					C293EAAF1AAB16800047E172 = {
						CreatedOnToolsVersion = 6.1.1;
						TestTargetID = C293EA9A1AAB16800047E172;
					};
				};
			};
			buildConfigurationList = C293EA961AAB16800047E172 /* Build configuration list for PBXProject "Ari" */;
			compatibilityVersion = "Xcode 3.2";
			developmentRegion = English;
			hasScannedForEncodings = 0;
			knownRegions = (
				en,
				Base,
			);
			mainGroup = C293EA921AAB16800047E172;
			productRefGroup = C293EA9C1AAB16800047E172 /* Products */;
			projectDirPath = "";
			projectRoot = "";
			targets = (
				C293EA9A1AAB16800047E172 /* Ari */,
				C293EAAF1AAB16800047E172 /* AriTests */,
			);
		};
/* End PBXProject section */

/* Begin PBXResourcesBuildPhase section */
		C293EA991AAB16800047E172 /* Resources */ = {
			isa = PBXResourcesBuildPhase;
			buildActionMask = 2147483647;
			files = (
				C2261FD61AACB750004AB5E8 /* 5C 11.png in Resources */,
				C2261FD81AACB7A4004AB5E8 /* 5C 10.png in Resources */,
				C2261FD41AACB5A4004AB5E8 /* 5C 8.png in Resources */,
				C293EAA61AAB16800047E172 /* Main.storyboard in Resources */,
				C2261FDE1AACB963004AB5E8 /* 5C 17.png in Resources */,
				C293EAAB1AAB16800047E172 /* LaunchScreen.xib in Resources */,
				C2261FE01AACB99C004AB5E8 /* 5C 13.png in Resources */,
				C2261FE21AACB9D9004AB5E8 /* 5C 15@2x.png in Resources */,
				C2261FD21AACB1AE004AB5E8 /* Tick-mark-icon-png-6619 2@2x.png in Resources */,
				C2BB608A1AACAE0A00D9C57F /* 5C 5.png in Resources */,
				C2BB608C1AACAEB800D9C57F /* 5C 6.png in Resources */,
				C293EAA81AAB16800047E172 /* Images.xcassets in Resources */,
				18624A611AACCFA70096CA37 /* Detail Disclosure.png in Resources */,
				C2261FDC1AACB8F1004AB5E8 /* 5C 18.png in Resources */,
				C2261FDA1AACB7FA004AB5E8 /* 5C 14.png in Resources */,
				C2BB60881AACAB6F00D9C57F /* 5C 4.png in Resources */,
				C2BB608E1AACAF3A00D9C57F /* 5C 7.png in Resources */,
			);
			runOnlyForDeploymentPostprocessing = 0;
		};
		C293EAAE1AAB16800047E172 /* Resources */ = {
			isa = PBXResourcesBuildPhase;
			buildActionMask = 2147483647;
			files = (
			);
			runOnlyForDeploymentPostprocessing = 0;
		};
/* End PBXResourcesBuildPhase section */

/* Begin PBXSourcesBuildPhase section */
		C293EA971AAB16800047E172 /* Sources */ = {
			isa = PBXSourcesBuildPhase;
			buildActionMask = 2147483647;
			files = (
				C2CB1C7C1AAB1D2B00932155 /* BankInfoView.swift in Sources */,
				C2CB1C821AAB276500932155 /* InvestmentQuestionsCell.swift in Sources */,
				C2261FE61AACC162004AB5E8 /* BalanceGraphViewController.swift in Sources */,
				18DD366F1AAB795C007ECE24 /* Plaid.swift in Sources */,
				C2CB1C881AABAEF800932155 /* LevelMoney.swift in Sources */,
				18624A651AACD4AA0096CA37 /* RiskToleranceViewController.swift in Sources */,
				C2CB1C801AAB25CC00932155 /* InvestmentQuestionsView.swift in Sources */,
				C293EAA11AAB16800047E172 /* AppDelegate.swift in Sources */,
				C2261FE41AACBC73004AB5E8 /* SavingGoalsCell.swift in Sources */,
				C2261FD01AACAFE1004AB5E8 /* SavingGoalsViewController.swift in Sources */,
				C2261FEA1AACCECA004AB5E8 /* StocksViewController.swift in Sources */,
				C2261FE81AACCD8E004AB5E8 /* HelloViewController.swift in Sources */,
				C2088D731AAC4679004968FA /* waterfall.swift in Sources */,
				C2088D711AAC16C9004968FA /* Xignite.swift in Sources */,
				C2CB1C7E1AAB1D4900932155 /* finPlanPickerView.swift in Sources */,
				18624A671AACD9E80096CA37 /* Algorithm.swift in Sources */,
				18DD366E1AAB795C007ECE24 /* MagicSauce.swift in Sources */,
			);
			runOnlyForDeploymentPostprocessing = 0;
		};
		C293EAAC1AAB16800047E172 /* Sources */ = {
			isa = PBXSourcesBuildPhase;
			buildActionMask = 2147483647;
			files = (
				C293EAB71AAB16800047E172 /* AriTests.swift in Sources */,
			);
			runOnlyForDeploymentPostprocessing = 0;
		};
/* End PBXSourcesBuildPhase section */

/* Begin PBXTargetDependency section */
		C293EAB21AAB16800047E172 /* PBXTargetDependency */ = {
			isa = PBXTargetDependency;
			target = C293EA9A1AAB16800047E172 /* Ari */;
			targetProxy = C293EAB11AAB16800047E172 /* PBXContainerItemProxy */;
		};
/* End PBXTargetDependency section */

/* Begin PBXVariantGroup section */
		C293EAA41AAB16800047E172 /* Main.storyboard */ = {
			isa = PBXVariantGroup;
			children = (
				C293EAA51AAB16800047E172 /* Base */,
			);
			name = Main.storyboard;
			sourceTree = "<group>";
		};
		C293EAA91AAB16800047E172 /* LaunchScreen.xib */ = {
			isa = PBXVariantGroup;
			children = (
				C293EAAA1AAB16800047E172 /* Base */,
			);
			name = LaunchScreen.xib;
			sourceTree = "<group>";
		};
/* End PBXVariantGroup section */

/* Begin XCBuildConfiguration section */
		C293EAB81AAB16800047E172 /* Debug */ = {
			isa = XCBuildConfiguration;
			buildSettings = {
				ALWAYS_SEARCH_USER_PATHS = NO;
				CLANG_CXX_LANGUAGE_STANDARD = "gnu++0x";
				CLANG_CXX_LIBRARY = "libc++";
				CLANG_ENABLE_MODULES = YES;
				CLANG_ENABLE_OBJC_ARC = YES;
				CLANG_WARN_BOOL_CONVERSION = YES;
				CLANG_WARN_CONSTANT_CONVERSION = YES;
				CLANG_WARN_DIRECT_OBJC_ISA_USAGE = YES_ERROR;
				CLANG_WARN_EMPTY_BODY = YES;
				CLANG_WARN_ENUM_CONVERSION = YES;
				CLANG_WARN_INT_CONVERSION = YES;
				CLANG_WARN_OBJC_ROOT_CLASS = YES_ERROR;
				CLANG_WARN_UNREACHABLE_CODE = YES;
				CLANG_WARN__DUPLICATE_METHOD_MATCH = YES;
				"CODE_SIGN_IDENTITY[sdk=iphoneos*]" = "iPhone Developer";
				COPY_PHASE_STRIP = NO;
				ENABLE_STRICT_OBJC_MSGSEND = YES;
				GCC_C_LANGUAGE_STANDARD = gnu99;
				GCC_DYNAMIC_NO_PIC = NO;
				GCC_OPTIMIZATION_LEVEL = 0;
				GCC_PREPROCESSOR_DEFINITIONS = (
					"DEBUG=1",
					"$(inherited)",
				);
				GCC_SYMBOLS_PRIVATE_EXTERN = NO;
				GCC_WARN_64_TO_32_BIT_CONVERSION = YES;
				GCC_WARN_ABOUT_RETURN_TYPE = YES_ERROR;
				GCC_WARN_UNDECLARED_SELECTOR = YES;
				GCC_WARN_UNINITIALIZED_AUTOS = YES_AGGRESSIVE;
				GCC_WARN_UNUSED_FUNCTION = YES;
				GCC_WARN_UNUSED_VARIABLE = YES;
				IPHONEOS_DEPLOYMENT_TARGET = 8.1;
				MTL_ENABLE_DEBUG_INFO = YES;
				ONLY_ACTIVE_ARCH = YES;
				SDKROOT = iphoneos;
				SWIFT_OPTIMIZATION_LEVEL = "-Onone";
			};
			name = Debug;
		};
		C293EAB91AAB16800047E172 /* Release */ = {
			isa = XCBuildConfiguration;
			buildSettings = {
				ALWAYS_SEARCH_USER_PATHS = NO;
				CLANG_CXX_LANGUAGE_STANDARD = "gnu++0x";
				CLANG_CXX_LIBRARY = "libc++";
				CLANG_ENABLE_MODULES = YES;
				CLANG_ENABLE_OBJC_ARC = YES;
				CLANG_WARN_BOOL_CONVERSION = YES;
				CLANG_WARN_CONSTANT_CONVERSION = YES;
				CLANG_WARN_DIRECT_OBJC_ISA_USAGE = YES_ERROR;
				CLANG_WARN_EMPTY_BODY = YES;
				CLANG_WARN_ENUM_CONVERSION = YES;
				CLANG_WARN_INT_CONVERSION = YES;
				CLANG_WARN_OBJC_ROOT_CLASS = YES_ERROR;
				CLANG_WARN_UNREACHABLE_CODE = YES;
				CLANG_WARN__DUPLICATE_METHOD_MATCH = YES;
				"CODE_SIGN_IDENTITY[sdk=iphoneos*]" = "iPhone Developer";
				COPY_PHASE_STRIP = YES;
				ENABLE_NS_ASSERTIONS = NO;
				ENABLE_STRICT_OBJC_MSGSEND = YES;
				GCC_C_LANGUAGE_STANDARD = gnu99;
				GCC_WARN_64_TO_32_BIT_CONVERSION = YES;
				GCC_WARN_ABOUT_RETURN_TYPE = YES_ERROR;
				GCC_WARN_UNDECLARED_SELECTOR = YES;
				GCC_WARN_UNINITIALIZED_AUTOS = YES_AGGRESSIVE;
				GCC_WARN_UNUSED_FUNCTION = YES;
				GCC_WARN_UNUSED_VARIABLE = YES;
				IPHONEOS_DEPLOYMENT_TARGET = 8.1;
				MTL_ENABLE_DEBUG_INFO = NO;
				SDKROOT = iphoneos;
				VALIDATE_PRODUCT = YES;
			};
			name = Release;
		};
		C293EABB1AAB16800047E172 /* Debug */ = {
			isa = XCBuildConfiguration;
			buildSettings = {
				ASSETCATALOG_COMPILER_APPICON_NAME = AppIcon;
				INFOPLIST_FILE = Ari/Info.plist;
				LD_RUNPATH_SEARCH_PATHS = "$(inherited) @executable_path/Frameworks";
				PRODUCT_NAME = "$(TARGET_NAME)";
			};
			name = Debug;
		};
		C293EABC1AAB16800047E172 /* Release */ = {
			isa = XCBuildConfiguration;
			buildSettings = {
				ASSETCATALOG_COMPILER_APPICON_NAME = AppIcon;
				INFOPLIST_FILE = Ari/Info.plist;
				LD_RUNPATH_SEARCH_PATHS = "$(inherited) @executable_path/Frameworks";
				PRODUCT_NAME = "$(TARGET_NAME)";
			};
			name = Release;
		};
		C293EABE1AAB16800047E172 /* Debug */ = {
			isa = XCBuildConfiguration;
			buildSettings = {
				BUNDLE_LOADER = "$(TEST_HOST)";
				FRAMEWORK_SEARCH_PATHS = (
					"$(SDKROOT)/Developer/Library/Frameworks",
					"$(inherited)",
				);
				GCC_PREPROCESSOR_DEFINITIONS = (
					"DEBUG=1",
					"$(inherited)",
				);
				INFOPLIST_FILE = AriTests/Info.plist;
				LD_RUNPATH_SEARCH_PATHS = "$(inherited) @executable_path/Frameworks @loader_path/Frameworks";
				PRODUCT_NAME = "$(TARGET_NAME)";
				TEST_HOST = "$(BUILT_PRODUCTS_DIR)/Ari.app/Ari";
			};
			name = Debug;
		};
		C293EABF1AAB16800047E172 /* Release */ = {
			isa = XCBuildConfiguration;
			buildSettings = {
				BUNDLE_LOADER = "$(TEST_HOST)";
				FRAMEWORK_SEARCH_PATHS = (
					"$(SDKROOT)/Developer/Library/Frameworks",
					"$(inherited)",
				);
				INFOPLIST_FILE = AriTests/Info.plist;
				LD_RUNPATH_SEARCH_PATHS = "$(inherited) @executable_path/Frameworks @loader_path/Frameworks";
				PRODUCT_NAME = "$(TARGET_NAME)";
				TEST_HOST = "$(BUILT_PRODUCTS_DIR)/Ari.app/Ari";
			};
			name = Release;
		};
/* End XCBuildConfiguration section */

/* Begin XCConfigurationList section */
		C293EA961AAB16800047E172 /* Build configuration list for PBXProject "Ari" */ = {
			isa = XCConfigurationList;
			buildConfigurations = (
				C293EAB81AAB16800047E172 /* Debug */,
				C293EAB91AAB16800047E172 /* Release */,
			);
			defaultConfigurationIsVisible = 0;
			defaultConfigurationName = Release;
		};
		C293EABA1AAB16800047E172 /* Build configuration list for PBXNativeTarget "Ari" */ = {
			isa = XCConfigurationList;
			buildConfigurations = (
				C293EABB1AAB16800047E172 /* Debug */,
				C293EABC1AAB16800047E172 /* Release */,
			);
			defaultConfigurationIsVisible = 0;
			defaultConfigurationName = Release;
		};
		C293EABD1AAB16800047E172 /* Build configuration list for PBXNativeTarget "AriTests" */ = {
			isa = XCConfigurationList;
			buildConfigurations = (
				C293EABE1AAB16800047E172 /* Debug */,
				C293EABF1AAB16800047E172 /* Release */,
			);
			defaultConfigurationIsVisible = 0;
			defaultConfigurationName = Release;
		};
/* End XCConfigurationList section */
	};
	rootObject = C293EA931AAB16800047E172 /* Project object */;
}
